<Solution>
  <Project Path="Dominio/Dominio.csproj" Id="9a02d69c-1f10-4e99-8bd9-c5608ab3966f" />
  <Project Path="Ejemplo_ASP_WebForm/Ejemplo_ASP_WebForm.csproj" Id="4d0d040d-c424-4676-ac4d-f9ba0cd5bd32" />
  <Project Path="Negocio/Negocio.csproj" Id="4a29706c-fc26-4a6d-bdc7-8c24d896daf8" />
</Solution>
